<Solution>
  <Configurations>
    <Platform Name="Any CPU" />
    <Platform Name="arm64" />
    <Platform Name="x86" />
  </Configurations>
  <Folder Name="/src/">
    <Project Path="src/ErrorNotifications/ErrorNotifications.csproj" Id="38bcc984-8065-4d72-9352-f304c9f0bd42">
      <Platform Solution="*|arm64" Project="arm64" />
      <Platform Solution="*|x86" Project="x86" />
    </Project>
  </Folder>
  <Folder Name="/test/" />
</Solution>
